
Microsoft Visual Studio Solution File, Format Version 12.00
# Visual Studio 14
VisualStudioVersion = 14.0.24720.0
MinimumVisualStudioVersion = 10.0.40219.1
Project("{FAE04EC0-301F-11D3-BF4B-00C04F79EFBC}") = "auth.croquet-australia.com.au", "source\auth.croquet-australia.com.au\auth.croquet-australia.com.au.csproj", "{C2FC58B2-CDB1-466D-8B5D-3FE3378AB5D0}"
EndProject
Project("{2150E333-8FDC-42A3-9474-1A3956D46DE8}") = "Solution Items", "Solution Items", "{7F676139-3D4E-4E5F-9BC0-FD98B10C5731}"
	ProjectSection(SolutionItems) = preProject
		LICENSE = LICENSE
		README.md = README.md
	EndProjectSection
EndProject
Project("{2150E333-8FDC-42A3-9474-1A3956D46DE8}") = "Source", "Source", "{6599224D-0571-48A4-B5AE-838099DA2DC6}"
EndProject
Project("{2150E333-8FDC-42A3-9474-1A3956D46DE8}") = "Tests", "Tests", "{D3520EC8-CCF1-4D4C-ABC4-7AE16905F735}"
EndProject
Project("{FAE04EC0-301F-11D3-BF4B-00C04F79EFBC}") = "CroquetAustralia.Auth.Specifications", "tests\CroquetAustralia.Auth.Specifications\CroquetAustralia.Auth.Specifications.csproj", "{5DC6AF52-9DDE-4B44-9B9F-01B36B7FF592}"
EndProject
Project("{FAE04EC0-301F-11D3-BF4B-00C04F79EFBC}") = "DummyWebApi", "tests\DummyWebApi\DummyWebApi.csproj", "{9BA45BA7-AE5B-4434-96A5-80C57811CDF6}"
EndProject
Project("{FAE04EC0-301F-11D3-BF4B-00C04F79EFBC}") = "IdentityServer3.AzureTableStorage", "source\IdentityServer3.AzureTableStorage\IdentityServer3.AzureTableStorage.csproj", "{08D744C6-282C-4589-A65B-6A2B4B713C56}"
EndProject
Project("{FAE04EC0-301F-11D3-BF4B-00C04F79EFBC}") = "IdentityServer3.AzureTableStorage.IntegrationTests", "tests\IdentityServer3.AzureTableStorage.IntegrationTests\IdentityServer3.AzureTableStorage.IntegrationTests.csproj", "{10DFC7DC-3CF0-4687-8806-DC678069A866}"
EndProject
Project("{FAE04EC0-301F-11D3-BF4B-00C04F79EFBC}") = "IdentityServer3.AzureTableStorage.Tests", "tests\IdentityServer3.AzureTableStorage.Tests\IdentityServer3.AzureTableStorage.Tests.csproj", "{060B3BCF-EBA0-4F2F-9E5B-11E2A628EC3D}"
EndProject
Project("{FAE04EC0-301F-11D3-BF4B-00C04F79EFBC}") = "IdentityServer3.AzureTableStorage.Specifications", "tests\IdentityServer3.AzureTableStorage.Specifications\IdentityServer3.AzureTableStorage.Specifications.csproj", "{FA1A613C-F029-411E-9D07-9F8579166C55}"
EndProject
Global
	GlobalSection(SolutionConfigurationPlatforms) = preSolution
		Debug|Any CPU = Debug|Any CPU
		Release|Any CPU = Release|Any CPU
	EndGlobalSection
	GlobalSection(ProjectConfigurationPlatforms) = postSolution
		{C2FC58B2-CDB1-466D-8B5D-3FE3378AB5D0}.Debug|Any CPU.ActiveCfg = Debug|Any CPU
		{C2FC58B2-CDB1-466D-8B5D-3FE3378AB5D0}.Debug|Any CPU.Build.0 = Debug|Any CPU
		{C2FC58B2-CDB1-466D-8B5D-3FE3378AB5D0}.Release|Any CPU.ActiveCfg = Release|Any CPU
		{C2FC58B2-CDB1-466D-8B5D-3FE3378AB5D0}.Release|Any CPU.Build.0 = Release|Any CPU
		{5DC6AF52-9DDE-4B44-9B9F-01B36B7FF592}.Debug|Any CPU.ActiveCfg = Debug|Any CPU
		{5DC6AF52-9DDE-4B44-9B9F-01B36B7FF592}.Debug|Any CPU.Build.0 = Debug|Any CPU
		{5DC6AF52-9DDE-4B44-9B9F-01B36B7FF592}.Release|Any CPU.ActiveCfg = Release|Any CPU
		{5DC6AF52-9DDE-4B44-9B9F-01B36B7FF592}.Release|Any CPU.Build.0 = Release|Any CPU
		{9BA45BA7-AE5B-4434-96A5-80C57811CDF6}.Debug|Any CPU.ActiveCfg = Debug|Any CPU
		{9BA45BA7-AE5B-4434-96A5-80C57811CDF6}.Debug|Any CPU.Build.0 = Debug|Any CPU
		{9BA45BA7-AE5B-4434-96A5-80C57811CDF6}.Release|Any CPU.ActiveCfg = Release|Any CPU
		{9BA45BA7-AE5B-4434-96A5-80C57811CDF6}.Release|Any CPU.Build.0 = Release|Any CPU
		{08D744C6-282C-4589-A65B-6A2B4B713C56}.Debug|Any CPU.ActiveCfg = Debug|Any CPU
		{08D744C6-282C-4589-A65B-6A2B4B713C56}.Debug|Any CPU.Build.0 = Debug|Any CPU
		{08D744C6-282C-4589-A65B-6A2B4B713C56}.Release|Any CPU.ActiveCfg = Release|Any CPU
		{08D744C6-282C-4589-A65B-6A2B4B713C56}.Release|Any CPU.Build.0 = Release|Any CPU
		{10DFC7DC-3CF0-4687-8806-DC678069A866}.Debug|Any CPU.ActiveCfg = Debug|Any CPU
		{10DFC7DC-3CF0-4687-8806-DC678069A866}.Debug|Any CPU.Build.0 = Debug|Any CPU
		{10DFC7DC-3CF0-4687-8806-DC678069A866}.Release|Any CPU.ActiveCfg = Release|Any CPU
		{10DFC7DC-3CF0-4687-8806-DC678069A866}.Release|Any CPU.Build.0 = Release|Any CPU
		{060B3BCF-EBA0-4F2F-9E5B-11E2A628EC3D}.Debug|Any CPU.ActiveCfg = Debug|Any CPU
		{060B3BCF-EBA0-4F2F-9E5B-11E2A628EC3D}.Debug|Any CPU.Build.0 = Debug|Any CPU
		{060B3BCF-EBA0-4F2F-9E5B-11E2A628EC3D}.Release|Any CPU.ActiveCfg = Release|Any CPU
		{060B3BCF-EBA0-4F2F-9E5B-11E2A628EC3D}.Release|Any CPU.Build.0 = Release|Any CPU
		{FA1A613C-F029-411E-9D07-9F8579166C55}.Debug|Any CPU.ActiveCfg = Debug|Any CPU
		{FA1A613C-F029-411E-9D07-9F8579166C55}.Debug|Any CPU.Build.0 = Debug|Any CPU
		{FA1A613C-F029-411E-9D07-9F8579166C55}.Release|Any CPU.ActiveCfg = Release|Any CPU
		{FA1A613C-F029-411E-9D07-9F8579166C55}.Release|Any CPU.Build.0 = Release|Any CPU
	EndGlobalSection
	GlobalSection(SolutionProperties) = preSolution
		HideSolutionNode = FALSE
	EndGlobalSection
	GlobalSection(NestedProjects) = preSolution
		{C2FC58B2-CDB1-466D-8B5D-3FE3378AB5D0} = {6599224D-0571-48A4-B5AE-838099DA2DC6}
		{5DC6AF52-9DDE-4B44-9B9F-01B36B7FF592} = {D3520EC8-CCF1-4D4C-ABC4-7AE16905F735}
		{9BA45BA7-AE5B-4434-96A5-80C57811CDF6} = {D3520EC8-CCF1-4D4C-ABC4-7AE16905F735}
		{08D744C6-282C-4589-A65B-6A2B4B713C56} = {6599224D-0571-48A4-B5AE-838099DA2DC6}
		{10DFC7DC-3CF0-4687-8806-DC678069A866} = {D3520EC8-CCF1-4D4C-ABC4-7AE16905F735}
		{060B3BCF-EBA0-4F2F-9E5B-11E2A628EC3D} = {D3520EC8-CCF1-4D4C-ABC4-7AE16905F735}
		{FA1A613C-F029-411E-9D07-9F8579166C55} = {D3520EC8-CCF1-4D4C-ABC4-7AE16905F735}
	EndGlobalSection
EndGlobal
